// !$*UTF8*$!
{
	archiveVersion = 1;
	classes = {
	};
	objectVersion = 77;
	objects = {

/* Begin PBXBuildFile section */
		FF8E3D432D590D37007AB7DD /* AppDelegate.swift in Sources */ = {isa = PBXBuildFile; fileRef = FF8E3D392D590D37007AB7DD /* AppDelegate.swift */; };
		FF8E3D442D590D37007AB7DD /* SceneDelegate.swift in Sources */ = {isa = PBXBuildFile; fileRef = FF8E3D402D590D37007AB7DD /* SceneDelegate.swift */; };
		FF8E3D452D590D37007AB7DD /* LoginViewController.swift in Sources */ = {isa = PBXBuildFile; fileRef = FF8E3D412D590D37007AB7DD /* LoginViewController.swift */; };
		FF8E3D462D590D37007AB7DD /* Assets.xcassets in Resources */ = {isa = PBXBuildFile; fileRef = FF8E3D3A2D590D37007AB7DD /* Assets.xcassets */; };
		FF8E3D482D590D37007AB7DD /* LaunchScreen.storyboard in Resources */ = {isa = PBXBuildFile; fileRef = FF8E3D3D2D590D37007AB7DD /* LaunchScreen.storyboard */; };
		FF8E3D492D590D37007AB7DD /* Main.storyboard in Resources */ = {isa = PBXBuildFile; fileRef = FF8E3D3F2D590D37007AB7DD /* Main.storyboard */; };
		FF8E3D4B2D590EFE007AB7DD /* WelcomeViewController.swift in Sources */ = {isa = PBXBuildFile; fileRef = FF8E3D4A2D590EFE007AB7DD /* WelcomeViewController.swift */; };
		FF8E3D6D2D5BC407007AB7DD /* UserInfoViewController.swift in Sources */ = {isa = PBXBuildFile; fileRef = FF8E3D6C2D5BC407007AB7DD /* UserInfoViewController.swift */; };
		FFA0AF872D5CD09B00484B51 /* User.swift in Sources */ = {isa = PBXBuildFile; fileRef = FFA0AF852D5CD09B00484B51 /* User.swift */; };
		FFA0AF892D5CEDF200484B51 /* UserBioViewController.swift in Sources */ = {isa = PBXBuildFile; fileRef = FFA0AF882D5CEDF200484B51 /* UserBioViewController.swift */; };
/* End PBXBuildFile section */

/* Begin PBXFileReference section */
		FF8E3D392D590D37007AB7DD /* AppDelegate.swift */ = {isa = PBXFileReference; lastKnownFileType = sourcecode.swift; path = AppDelegate.swift; sourceTree = "<group>"; };
		FF8E3D3A2D590D37007AB7DD /* Assets.xcassets */ = {isa = PBXFileReference; lastKnownFileType = folder.assetcatalog; path = Assets.xcassets; sourceTree = "<group>"; };
		FF8E3D3B2D590D37007AB7DD /* Info.plist */ = {isa = PBXFileReference; lastKnownFileType = text.plist.xml; path = Info.plist; sourceTree = "<group>"; };
		FF8E3D3C2D590D37007AB7DD /* Base */ = {isa = PBXFileReference; lastKnownFileType = file.storyboard; name = Base; path = Base.lproj/LaunchScreen.storyboard; sourceTree = "<group>"; };
		FF8E3D3E2D590D37007AB7DD /* Base */ = {isa = PBXFileReference; lastKnownFileType = file.storyboard; name = Base; path = Base.lproj/Main.storyboard; sourceTree = "<group>"; };
		FF8E3D402D590D37007AB7DD /* SceneDelegate.swift */ = {isa = PBXFileReference; lastKnownFileType = sourcecode.swift; path = SceneDelegate.swift; sourceTree = "<group>"; };
		FF8E3D412D590D37007AB7DD /* LoginViewController.swift */ = {isa = PBXFileReference; lastKnownFileType = sourcecode.swift; path = LoginViewController.swift; sourceTree = "<group>"; };
		FF8E3D4A2D590EFE007AB7DD /* WelcomeViewController.swift */ = {isa = PBXFileReference; lastKnownFileType = sourcecode.swift; path = WelcomeViewController.swift; sourceTree = "<group>"; };
		FF8E3D6C2D5BC407007AB7DD /* UserInfoViewController.swift */ = {isa = PBXFileReference; lastKnownFileType = sourcecode.swift; path = UserInfoViewController.swift; sourceTree = "<group>"; };
		FFA0AF842D5CCFEE00484B51 /* AboutMeApp.app */ = {isa = PBXFileReference; explicitFileType = wrapper.application; includeInIndex = 0; name = AboutMeApp.app; path = "/Users/vasiliy/Desktop/SwiftBookLessons/Part 2/Lesson 2.06/AboutMeApp/build/Debug-iphoneos/AboutMeApp.app"; sourceTree = "<absolute>"; };
		FFA0AF852D5CD09B00484B51 /* User.swift */ = {isa = PBXFileReference; lastKnownFileType = sourcecode.swift; path = User.swift; sourceTree = "<group>"; };
		FFA0AF882D5CEDF200484B51 /* UserBioViewController.swift */ = {isa = PBXFileReference; lastKnownFileType = sourcecode.swift; path = UserBioViewController.swift; sourceTree = "<group>"; };
/* End PBXFileReference section */

/* Begin PBXFrameworksBuildPhase section */
		FF8E3D1E2D590D08007AB7DD /* Frameworks */ = {
			isa = PBXFrameworksBuildPhase;
			buildActionMask = 2147483647;
			files = (
			);
			runOnlyForDeploymentPostprocessing = 0;
		};
/* End PBXFrameworksBuildPhase section */

/* Begin PBXGroup section */
		FF8E3D182D590D08007AB7DD = {
			isa = PBXGroup;
			children = (
				FF8E3D422D590D37007AB7DD /* AboutMeApp */,
			);
			sourceTree = "<group>";
		};
		FF8E3D422D590D37007AB7DD /* AboutMeApp */ = {
			isa = PBXGroup;
			children = (
				FFA0AF862D5CD09B00484B51 /* Models */,
				FF8E3D662D5B7447007AB7DD /* ViewControllers */,
				FF8E3D642D5B7410007AB7DD /* SupportingFiles */,
				FF8E3D652D5B7427007AB7DD /* Storyboards */,
				FF8E3D3A2D590D37007AB7DD /* Assets.xcassets */,
			);
			path = AboutMeApp;
			sourceTree = "<group>";
		};
		FF8E3D642D5B7410007AB7DD /* SupportingFiles */ = {
			isa = PBXGroup;
			children = (
				FF8E3D392D590D37007AB7DD /* AppDelegate.swift */,
				FF8E3D402D590D37007AB7DD /* SceneDelegate.swift */,
				FF8E3D3B2D590D37007AB7DD /* Info.plist */,
			);
			path = SupportingFiles;
			sourceTree = "<group>";
		};
		FF8E3D652D5B7427007AB7DD /* Storyboards */ = {
			isa = PBXGroup;
			children = (
				FF8E3D3D2D590D37007AB7DD /* LaunchScreen.storyboard */,
				FF8E3D3F2D590D37007AB7DD /* Main.storyboard */,
			);
			path = Storyboards;
			sourceTree = "<group>";
		};
		FF8E3D662D5B7447007AB7DD /* ViewControllers */ = {
			isa = PBXGroup;
			children = (
				FF8E3D412D590D37007AB7DD /* LoginViewController.swift */,
				FF8E3D4A2D590EFE007AB7DD /* WelcomeViewController.swift */,
				FF8E3D6C2D5BC407007AB7DD /* UserInfoViewController.swift */,
				FFA0AF882D5CEDF200484B51 /* UserBioViewController.swift */,
			);
			path = ViewControllers;
			sourceTree = "<group>";
		};
		FFA0AF862D5CD09B00484B51 /* Models */ = {
			isa = PBXGroup;
			children = (
				FFA0AF852D5CD09B00484B51 /* User.swift */,
			);
			path = Models;
			sourceTree = "<group>";
		};
/* End PBXGroup section */

/* Begin PBXNativeTarget section */
		FF8E3D202D590D08007AB7DD /* AboutMeApp */ = {
			isa = PBXNativeTarget;
			buildConfigurationList = FF8E3D342D590D0B007AB7DD /* Build configuration list for PBXNativeTarget "AboutMeApp" */;
			buildPhases = (
				FF8E3D1D2D590D08007AB7DD /* Sources */,
				FF8E3D1E2D590D08007AB7DD /* Frameworks */,
				FF8E3D1F2D590D08007AB7DD /* Resources */,
			);
			buildRules = (
			);
			dependencies = (
			);
			name = AboutMeApp;
			packageProductDependencies = (
			);
			productName = AboutMeApp;
			productReference = FFA0AF842D5CCFEE00484B51 /* AboutMeApp.app */;
			productType = "com.apple.product-type.application";
		};
/* End PBXNativeTarget section */

/* Begin PBXProject section */
		FF8E3D192D590D08007AB7DD /* Project object */ = {
			isa = PBXProject;
			attributes = {
				BuildIndependentTargetsInParallel = 1;
				LastSwiftUpdateCheck = 1610;
				LastUpgradeCheck = 1610;
				TargetAttributes = {
					FF8E3D202D590D08007AB7DD = {
						CreatedOnToolsVersion = 16.1;
					};
				};
			};
			buildConfigurationList = FF8E3D1C2D590D08007AB7DD /* Build configuration list for PBXProject "AboutMeApp" */;
			developmentRegion = en;
			hasScannedForEncodings = 0;
			knownRegions = (
				en,
				Base,
			);
			mainGroup = FF8E3D182D590D08007AB7DD;
			minimizedProjectReferenceProxies = 1;
			preferredProjectObjectVersion = 77;
			productRefGroup = FF8E3D182D590D08007AB7DD;
			projectDirPath = "";
			projectRoot = "";
			targets = (
				FF8E3D202D590D08007AB7DD /* AboutMeApp */,
			);
		};
/* End PBXProject section */

/* Begin PBXResourcesBuildPhase section */
		FF8E3D1F2D590D08007AB7DD /* Resources */ = {
			isa = PBXResourcesBuildPhase;
			buildActionMask = 2147483647;
			files = (
				FF8E3D462D590D37007AB7DD /* Assets.xcassets in Resources */,
				FF8E3D482D590D37007AB7DD /* LaunchScreen.storyboard in Resources */,
				FF8E3D492D590D37007AB7DD /* Main.storyboard in Resources */,
			);
			runOnlyForDeploymentPostprocessing = 0;
		};
/* End PBXResourcesBuildPhase section */

/* Begin PBXSourcesBuildPhase section */
		FF8E3D1D2D590D08007AB7DD /* Sources */ = {
			isa = PBXSourcesBuildPhase;
			buildActionMask = 2147483647;
			files = (
				FF8E3D4B2D590EFE007AB7DD /* WelcomeViewController.swift in Sources */,
				FF8E3D432D590D37007AB7DD /* AppDelegate.swift in Sources */,
				FFA0AF872D5CD09B00484B51 /* User.swift in Sources */,
				FF8E3D442D590D37007AB7DD /* SceneDelegate.swift in Sources */,
				FF8E3D452D590D37007AB7DD /* LoginViewController.swift in Sources */,
				FFA0AF892D5CEDF200484B51 /* UserBioViewController.swift in Sources */,
				FF8E3D6D2D5BC407007AB7DD /* UserInfoViewController.swift in Sources */,
			);
			runOnlyForDeploymentPostprocessing = 0;
		};
/* End PBXSourcesBuildPhase section */

/* Begin PBXVariantGroup section */
		FF8E3D3D2D590D37007AB7DD /* LaunchScreen.storyboard */ = {
			isa = PBXVariantGroup;
			children = (
				FF8E3D3C2D590D37007AB7DD /* Base */,
			);
			name = LaunchScreen.storyboard;
			sourceTree = "<group>";
		};
		FF8E3D3F2D590D37007AB7DD /* Main.storyboard */ = {
			isa = PBXVariantGroup;
			children = (
				FF8E3D3E2D590D37007AB7DD /* Base */,
			);
			name = Main.storyboard;
			sourceTree = "<group>";
		};
/* End PBXVariantGroup section */

/* Begin XCBuildConfiguration section */
		FF8E3D352D590D0B007AB7DD /* Debug */ = {
			isa = XCBuildConfiguration;
			buildSettings = {
				ASSETCATALOG_COMPILER_APPICON_NAME = AppIcon;
				ASSETCATALOG_COMPILER_GLOBAL_ACCENT_COLOR_NAME = AccentColor;
				CODE_SIGN_STYLE = Automatic;
				CURRENT_PROJECT_VERSION = 1;
				GENERATE_INFOPLIST_FILE = YES;
				INFOPLIST_FILE = AboutMeApp/SupportingFiles/Info.plist;
				INFOPLIST_KEY_UIApplicationSupportsIndirectInputEvents = YES;
				INFOPLIST_KEY_UILaunchStoryboardName = LaunchScreen;
				INFOPLIST_KEY_UIMainStoryboardFile = Main;
				INFOPLIST_KEY_UISupportedInterfaceOrientations = UIInterfaceOrientationPortrait;
				INFOPLIST_KEY_UISupportedInterfaceOrientations_iPad = "UIInterfaceOrientationLandscapeLeft UIInterfaceOrientationLandscapeRight UIInterfaceOrientationPortrait UIInterfaceOrientationPortraitUpsideDown";
				IPHONEOS_DEPLOYMENT_TARGET = 16.6;
				LD_RUNPATH_SEARCH_PATHS = (
					"$(inherited)",
					"@executable_path/Frameworks",
				);
				MARKETING_VERSION = 1.0;
				PRODUCT_BUNDLE_IDENTIFIER = hello.AboutMeApp;
				PRODUCT_NAME = "$(TARGET_NAME)";
				SUPPORTED_PLATFORMS = "iphoneos iphonesimulator";
				SUPPORTS_MACCATALYST = NO;
				SUPPORTS_MAC_DESIGNED_FOR_IPHONE_IPAD = NO;
				SUPPORTS_XR_DESIGNED_FOR_IPHONE_IPAD = NO;
				SWIFT_EMIT_LOC_STRINGS = YES;
				SWIFT_VERSION = 5.0;
				TARGETED_DEVICE_FAMILY = 1;
			};
			name = Debug;
		};
		FF8E3D362D590D0B007AB7DD /* Release */ = {
			isa = XCBuildConfiguration;
			buildSettings = {
				ASSETCATALOG_COMPILER_APPICON_NAME = AppIcon;
				ASSETCATALOG_COMPILER_GLOBAL_ACCENT_COLOR_NAME = AccentColor;
				CODE_SIGN_STYLE = Automatic;
				CURRENT_PROJECT_VERSION = 1;
				GENERATE_INFOPLIST_FILE = YES;
				INFOPLIST_FILE = AboutMeApp/SupportingFiles/Info.plist;
				INFOPLIST_KEY_UIApplicationSupportsIndirectInputEvents = YES;
				INFOPLIST_KEY_UILaunchStoryboardName = LaunchScreen;
				INFOPLIST_KEY_UIMainStoryboardFile = Main;
				INFOPLIST_KEY_UISupportedInterfaceOrientations = UIInterfaceOrientationPortrait;
				INFOPLIST_KEY_UISupportedInterfaceOrientations_iPad = "UIInterfaceOrientationLandscapeLeft UIInterfaceOrientationLandscapeRight UIInterfaceOrientationPortrait UIInterfaceOrientationPortraitUpsideDown";
				IPHONEOS_DEPLOYMENT_TARGET = 16.6;
				LD_RUNPATH_SEARCH_PATHS = (
					"$(inherited)",
					"@executable_path/Frameworks",
				);
				MARKETING_VERSION = 1.0;
				PRODUCT_BUNDLE_IDENTIFIER = hello.AboutMeApp;
				PRODUCT_NAME = "$(TARGET_NAME)";
				SUPPORTED_PLATFORMS = "iphoneos iphonesimulator";
				SUPPORTS_MACCATALYST = NO;
				SUPPORTS_MAC_DESIGNED_FOR_IPHONE_IPAD = NO;
				SUPPORTS_XR_DESIGNED_FOR_IPHONE_IPAD = NO;
				SWIFT_EMIT_LOC_STRINGS = YES;
				SWIFT_VERSION = 5.0;
				TARGETED_DEVICE_FAMILY = 1;
			};
			name = Release;
		};
		FF8E3D372D590D0B007AB7DD /* Debug */ = {
			isa = XCBuildConfiguration;
			buildSettings = {
				ALWAYS_SEARCH_USER_PATHS = NO;
				ASSETCATALOG_COMPILER_GENERATE_SWIFT_ASSET_SYMBOL_EXTENSIONS = YES;
				CLANG_ANALYZER_NONNULL = YES;
				CLANG_ANALYZER_NUMBER_OBJECT_CONVERSION = YES_AGGRESSIVE;
				CLANG_CXX_LANGUAGE_STANDARD = "gnu++20";
				CLANG_ENABLE_MODULES = YES;
				CLANG_ENABLE_OBJC_ARC = YES;
				CLANG_ENABLE_OBJC_WEAK = YES;
				CLANG_WARN_BLOCK_CAPTURE_AUTORELEASING = YES;
				CLANG_WARN_BOOL_CONVERSION = YES;
				CLANG_WARN_COMMA = YES;
				CLANG_WARN_CONSTANT_CONVERSION = YES;
				CLANG_WARN_DEPRECATED_OBJC_IMPLEMENTATIONS = YES;
				CLANG_WARN_DIRECT_OBJC_ISA_USAGE = YES_ERROR;
				CLANG_WARN_DOCUMENTATION_COMMENTS = YES;
				CLANG_WARN_EMPTY_BODY = YES;
				CLANG_WARN_ENUM_CONVERSION = YES;
				CLANG_WARN_INFINITE_RECURSION = YES;
				CLANG_WARN_INT_CONVERSION = YES;
				CLANG_WARN_NON_LITERAL_NULL_CONVERSION = YES;
				CLANG_WARN_OBJC_IMPLICIT_RETAIN_SELF = YES;
				CLANG_WARN_OBJC_LITERAL_CONVERSION = YES;
				CLANG_WARN_OBJC_ROOT_CLASS = YES_ERROR;
				CLANG_WARN_QUOTED_INCLUDE_IN_FRAMEWORK_HEADER = YES;
				CLANG_WARN_RANGE_LOOP_ANALYSIS = YES;
				CLANG_WARN_STRICT_PROTOTYPES = YES;
				CLANG_WARN_SUSPICIOUS_MOVE = YES;
				CLANG_WARN_UNGUARDED_AVAILABILITY = YES_AGGRESSIVE;
				CLANG_WARN_UNREACHABLE_CODE = YES;
				CLANG_WARN__DUPLICATE_METHOD_MATCH = YES;
				COPY_PHASE_STRIP = NO;
				DEBUG_INFORMATION_FORMAT = dwarf;
				ENABLE_STRICT_OBJC_MSGSEND = YES;
				ENABLE_TESTABILITY = YES;
				ENABLE_USER_SCRIPT_SANDBOXING = YES;
				GCC_C_LANGUAGE_STANDARD = gnu17;
				GCC_DYNAMIC_NO_PIC = NO;
				GCC_NO_COMMON_BLOCKS = YES;
				GCC_OPTIMIZATION_LEVEL = 0;
				GCC_PREPROCESSOR_DEFINITIONS = (
					"DEBUG=1",
					"$(inherited)",
				);
				GCC_WARN_64_TO_32_BIT_CONVERSION = YES;
				GCC_WARN_ABOUT_RETURN_TYPE = YES_ERROR;
				GCC_WARN_UNDECLARED_SELECTOR = YES;
				GCC_WARN_UNINITIALIZED_AUTOS = YES_AGGRESSIVE;
				GCC_WARN_UNUSED_FUNCTION = YES;
				GCC_WARN_UNUSED_VARIABLE = YES;
				IPHONEOS_DEPLOYMENT_TARGET = 18.1;
				LOCALIZATION_PREFERS_STRING_CATALOGS = YES;
				MTL_ENABLE_DEBUG_INFO = INCLUDE_SOURCE;
				MTL_FAST_MATH = YES;
				ONLY_ACTIVE_ARCH = YES;
				SDKROOT = iphoneos;
				SWIFT_ACTIVE_COMPILATION_CONDITIONS = "DEBUG $(inherited)";
				SWIFT_OPTIMIZATION_LEVEL = "-Onone";
			};
			name = Debug;
		};
		FF8E3D382D590D0B007AB7DD /* Release */ = {
			isa = XCBuildConfiguration;
			buildSettings = {
				ALWAYS_SEARCH_USER_PATHS = NO;
				ASSETCATALOG_COMPILER_GENERATE_SWIFT_ASSET_SYMBOL_EXTENSIONS = YES;
				CLANG_ANALYZER_NONNULL = YES;
				CLANG_ANALYZER_NUMBER_OBJECT_CONVERSION = YES_AGGRESSIVE;
				CLANG_CXX_LANGUAGE_STANDARD = "gnu++20";
				CLANG_ENABLE_MODULES = YES;
				CLANG_ENABLE_OBJC_ARC = YES;
				CLANG_ENABLE_OBJC_WEAK = YES;
				CLANG_WARN_BLOCK_CAPTURE_AUTORELEASING = YES;
				CLANG_WARN_BOOL_CONVERSION = YES;
				CLANG_WARN_COMMA = YES;
				CLANG_WARN_CONSTANT_CONVERSION = YES;
				CLANG_WARN_DEPRECATED_OBJC_IMPLEMENTATIONS = YES;
				CLANG_WARN_DIRECT_OBJC_ISA_USAGE = YES_ERROR;
				CLANG_WARN_DOCUMENTATION_COMMENTS = YES;
				CLANG_WARN_EMPTY_BODY = YES;
				CLANG_WARN_ENUM_CONVERSION = YES;
				CLANG_WARN_INFINITE_RECURSION = YES;
				CLANG_WARN_INT_CONVERSION = YES;
				CLANG_WARN_NON_LITERAL_NULL_CONVERSION = YES;
				CLANG_WARN_OBJC_IMPLICIT_RETAIN_SELF = YES;
				CLANG_WARN_OBJC_LITERAL_CONVERSION = YES;
				CLANG_WARN_OBJC_ROOT_CLASS = YES_ERROR;
				CLANG_WARN_QUOTED_INCLUDE_IN_FRAMEWORK_HEADER = YES;
				CLANG_WARN_RANGE_LOOP_ANALYSIS = YES;
				CLANG_WARN_STRICT_PROTOTYPES = YES;
				CLANG_WARN_SUSPICIOUS_MOVE = YES;
				CLANG_WARN_UNGUARDED_AVAILABILITY = YES_AGGRESSIVE;
				CLANG_WARN_UNREACHABLE_CODE = YES;
				CLANG_WARN__DUPLICATE_METHOD_MATCH = YES;
				COPY_PHASE_STRIP = NO;
				DEBUG_INFORMATION_FORMAT = "dwarf-with-dsym";
				ENABLE_NS_ASSERTIONS = NO;
				ENABLE_STRICT_OBJC_MSGSEND = YES;
				ENABLE_USER_SCRIPT_SANDBOXING = YES;
				GCC_C_LANGUAGE_STANDARD = gnu17;
				GCC_NO_COMMON_BLOCKS = YES;
				GCC_WARN_64_TO_32_BIT_CONVERSION = YES;
				GCC_WARN_ABOUT_RETURN_TYPE = YES_ERROR;
				GCC_WARN_UNDECLARED_SELECTOR = YES;
				GCC_WARN_UNINITIALIZED_AUTOS = YES_AGGRESSIVE;
				GCC_WARN_UNUSED_FUNCTION = YES;
				GCC_WARN_UNUSED_VARIABLE = YES;
				IPHONEOS_DEPLOYMENT_TARGET = 18.1;
				LOCALIZATION_PREFERS_STRING_CATALOGS = YES;
				MTL_ENABLE_DEBUG_INFO = NO;
				MTL_FAST_MATH = YES;
				SDKROOT = iphoneos;
				SWIFT_COMPILATION_MODE = wholemodule;
				VALIDATE_PRODUCT = YES;
			};
			name = Release;
		};
/* End XCBuildConfiguration section */

/* Begin XCConfigurationList section */
		FF8E3D1C2D590D08007AB7DD /* Build configuration list for PBXProject "AboutMeApp" */ = {
			isa = XCConfigurationList;
			buildConfigurations = (
				FF8E3D372D590D0B007AB7DD /* Debug */,
				FF8E3D382D590D0B007AB7DD /* Release */,
			);
			defaultConfigurationIsVisible = 0;
			defaultConfigurationName = Release;
		};
		FF8E3D342D590D0B007AB7DD /* Build configuration list for PBXNativeTarget "AboutMeApp" */ = {
			isa = XCConfigurationList;
			buildConfigurations = (
				FF8E3D352D590D0B007AB7DD /* Debug */,
				FF8E3D362D590D0B007AB7DD /* Release */,
			);
			defaultConfigurationIsVisible = 0;
			defaultConfigurationName = Release;
		};
/* End XCConfigurationList section */
	};
	rootObject = FF8E3D192D590D08007AB7DD /* Project object */;
}
